// !$*UTF8*$!
{
	archiveVersion = 1;
	classes = {
	};
	objectVersion = 55;
	objects = {

/* Begin PBXBuildFile section */
		24403A4A2753E9520000A013 /* artBlock1App.swift in Sources */ = {isa = PBXBuildFile; fileRef = 24403A492753E9520000A013 /* artBlock1App.swift */; };
		24403A4C2753E9520000A013 /* ContentView.swift in Sources */ = {isa = PBXBuildFile; fileRef = 24403A4B2753E9520000A013 /* ContentView.swift */; };
		24403A4E2753E9550000A013 /* Assets.xcassets in Resources */ = {isa = PBXBuildFile; fileRef = 24403A4D2753E9550000A013 /* Assets.xcassets */; };
		24403A512753E9550000A013 /* Preview Assets.xcassets in Resources */ = {isa = PBXBuildFile; fileRef = 24403A502753E9550000A013 /* Preview Assets.xcassets */; };
		24403A532753E9550000A013 /* Persistence.swift in Sources */ = {isa = PBXBuildFile; fileRef = 24403A522753E9550000A013 /* Persistence.swift */; };
		24403A562753E9550000A013 /* artBlock1.xcdatamodeld in Sources */ = {isa = PBXBuildFile; fileRef = 24403A542753E9550000A013 /* artBlock1.xcdatamodeld */; };
		24403A602753E9550000A013 /* artBlock1Tests.swift in Sources */ = {isa = PBXBuildFile; fileRef = 24403A5F2753E9550000A013 /* artBlock1Tests.swift */; };
		24403A6A2753E9550000A013 /* artBlock1UITests.swift in Sources */ = {isa = PBXBuildFile; fileRef = 24403A692753E9550000A013 /* artBlock1UITests.swift */; };
		24403A6C2753E9550000A013 /* artBlock1UITestsLaunchTests.swift in Sources */ = {isa = PBXBuildFile; fileRef = 24403A6B2753E9550000A013 /* artBlock1UITestsLaunchTests.swift */; };
		24515BCE275749A7008A2639 /* HomeView.swift in Sources */ = {isa = PBXBuildFile; fileRef = 24515BCD275749A7008A2639 /* HomeView.swift */; };
		24515BD027574A9C008A2639 /* IdeasView.swift in Sources */ = {isa = PBXBuildFile; fileRef = 24515BCF27574A9C008A2639 /* IdeasView.swift */; };
		24515BD227574ADD008A2639 /* ProgressView.swift in Sources */ = {isa = PBXBuildFile; fileRef = 24515BD127574ADD008A2639 /* ProgressView.swift */; };
		24515BD427574B2B008A2639 /* GalleryView.swift in Sources */ = {isa = PBXBuildFile; fileRef = 24515BD327574B2B008A2639 /* GalleryView.swift */; };
		24515BD727574C6F008A2639 /* OpenView.swift in Sources */ = {isa = PBXBuildFile; fileRef = 24515BD627574C6F008A2639 /* OpenView.swift */; };
		24515BD927586851008A2639 /* NavViewModifier.swift in Sources */ = {isa = PBXBuildFile; fileRef = 24515BD827586851008A2639 /* NavViewModifier.swift */; };
		24515BDB2759A43A008A2639 /* NavigationBarView.swift in Sources */ = {isa = PBXBuildFile; fileRef = 24515BDA2759A43A008A2639 /* NavigationBarView.swift */; };
		24515BDD2759A5A7008A2639 /* LogoView.swift in Sources */ = {isa = PBXBuildFile; fileRef = 24515BDC2759A5A7008A2639 /* LogoView.swift */; };
		249F08EA27626A2D00F57BF6 /* FolderContainer.xcdatamodeld in Sources */ = {isa = PBXBuildFile; fileRef = 249F08E827626A2D00F57BF6 /* FolderContainer.xcdatamodeld */; };
		24AA311D276505F800412C90 /* InsideFolderView.swift in Sources */ = {isa = PBXBuildFile; fileRef = 24AA311C276505F800412C90 /* InsideFolderView.swift */; };
		24BA4C1E275ACE3000434E8A /* MyNotes.swift in Sources */ = {isa = PBXBuildFile; fileRef = 24BA4C1D275ACE3000434E8A /* MyNotes.swift */; };
		24BA4C20275C0F4A00434E8A /* FolderView.swift in Sources */ = {isa = PBXBuildFile; fileRef = 24BA4C1F275C0F4A00434E8A /* FolderView.swift */; };
		24BA4C22275C11AA00434E8A /* NoteView.swift in Sources */ = {isa = PBXBuildFile; fileRef = 24BA4C21275C11AA00434E8A /* NoteView.swift */; };
		24BA4C28275C8EA800434E8A /* ListViewModel.swift in Sources */ = {isa = PBXBuildFile; fileRef = 24BA4C27275C8EA800434E8A /* ListViewModel.swift */; };
		24BA4C2A275C93E200434E8A /* AddNoteView.swift in Sources */ = {isa = PBXBuildFile; fileRef = 24BA4C29275C93E200434E8A /* AddNoteView.swift */; };
		24D276682765A92B00E93312 /* HomeView2.swift in Sources */ = {isa = PBXBuildFile; fileRef = 24D276672765A92B00E93312 /* HomeView2.swift */; };
/* End PBXBuildFile section */

/* Begin PBXContainerItemProxy section */
		24403A5C2753E9550000A013 /* PBXContainerItemProxy */ = {
			isa = PBXContainerItemProxy;
			containerPortal = 24403A3E2753E9520000A013 /* Project object */;
			proxyType = 1;
			remoteGlobalIDString = 24403A452753E9520000A013;
			remoteInfo = artBlock1;
		};
		24403A662753E9550000A013 /* PBXContainerItemProxy */ = {
			isa = PBXContainerItemProxy;
			containerPortal = 24403A3E2753E9520000A013 /* Project object */;
			proxyType = 1;
			remoteGlobalIDString = 24403A452753E9520000A013;
			remoteInfo = artBlock1;
		};
/* End PBXContainerItemProxy section */

/* Begin PBXFileReference section */
		24403A462753E9520000A013 /* artBlock1.app */ = {isa = PBXFileReference; explicitFileType = wrapper.application; includeInIndex = 0; path = artBlock1.app; sourceTree = BUILT_PRODUCTS_DIR; };
		24403A492753E9520000A013 /* artBlock1App.swift */ = {isa = PBXFileReference; lastKnownFileType = sourcecode.swift; path = artBlock1App.swift; sourceTree = "<group>"; };
		24403A4B2753E9520000A013 /* ContentView.swift */ = {isa = PBXFileReference; lastKnownFileType = sourcecode.swift; path = ContentView.swift; sourceTree = "<group>"; };
		24403A4D2753E9550000A013 /* Assets.xcassets */ = {isa = PBXFileReference; lastKnownFileType = folder.assetcatalog; path = Assets.xcassets; sourceTree = "<group>"; };
		24403A502753E9550000A013 /* Preview Assets.xcassets */ = {isa = PBXFileReference; lastKnownFileType = folder.assetcatalog; path = "Preview Assets.xcassets"; sourceTree = "<group>"; };
		24403A522753E9550000A013 /* Persistence.swift */ = {isa = PBXFileReference; lastKnownFileType = sourcecode.swift; path = Persistence.swift; sourceTree = "<group>"; };
		24403A552753E9550000A013 /* artBlock1.xcdatamodel */ = {isa = PBXFileReference; lastKnownFileType = wrapper.xcdatamodel; path = artBlock1.xcdatamodel; sourceTree = "<group>"; };
		24403A5B2753E9550000A013 /* artBlock1Tests.xctest */ = {isa = PBXFileReference; explicitFileType = wrapper.cfbundle; includeInIndex = 0; path = artBlock1Tests.xctest; sourceTree = BUILT_PRODUCTS_DIR; };
		24403A5F2753E9550000A013 /* artBlock1Tests.swift */ = {isa = PBXFileReference; lastKnownFileType = sourcecode.swift; path = artBlock1Tests.swift; sourceTree = "<group>"; };
		24403A652753E9550000A013 /* artBlock1UITests.xctest */ = {isa = PBXFileReference; explicitFileType = wrapper.cfbundle; includeInIndex = 0; path = artBlock1UITests.xctest; sourceTree = BUILT_PRODUCTS_DIR; };
		24403A692753E9550000A013 /* artBlock1UITests.swift */ = {isa = PBXFileReference; lastKnownFileType = sourcecode.swift; path = artBlock1UITests.swift; sourceTree = "<group>"; };
		24403A6B2753E9550000A013 /* artBlock1UITestsLaunchTests.swift */ = {isa = PBXFileReference; lastKnownFileType = sourcecode.swift; path = artBlock1UITestsLaunchTests.swift; sourceTree = "<group>"; };
		24515BCD275749A7008A2639 /* HomeView.swift */ = {isa = PBXFileReference; lastKnownFileType = sourcecode.swift; path = HomeView.swift; sourceTree = "<group>"; };
		24515BCF27574A9C008A2639 /* IdeasView.swift */ = {isa = PBXFileReference; lastKnownFileType = sourcecode.swift; path = IdeasView.swift; sourceTree = "<group>"; };
		24515BD127574ADD008A2639 /* ProgressView.swift */ = {isa = PBXFileReference; lastKnownFileType = sourcecode.swift; path = ProgressView.swift; sourceTree = "<group>"; };
		24515BD327574B2B008A2639 /* GalleryView.swift */ = {isa = PBXFileReference; lastKnownFileType = sourcecode.swift; path = GalleryView.swift; sourceTree = "<group>"; };
		24515BD627574C6F008A2639 /* OpenView.swift */ = {isa = PBXFileReference; lastKnownFileType = sourcecode.swift; path = OpenView.swift; sourceTree = "<group>"; };
		24515BD827586851008A2639 /* NavViewModifier.swift */ = {isa = PBXFileReference; lastKnownFileType = sourcecode.swift; path = NavViewModifier.swift; sourceTree = "<group>"; };
		24515BDA2759A43A008A2639 /* NavigationBarView.swift */ = {isa = PBXFileReference; lastKnownFileType = sourcecode.swift; path = NavigationBarView.swift; sourceTree = "<group>"; };
		24515BDC2759A5A7008A2639 /* LogoView.swift */ = {isa = PBXFileReference; lastKnownFileType = sourcecode.swift; path = LogoView.swift; sourceTree = "<group>"; };
		249F08E927626A2D00F57BF6 /* FolderContainer.xcdatamodel */ = {isa = PBXFileReference; lastKnownFileType = wrapper.xcdatamodel; path = FolderContainer.xcdatamodel; sourceTree = "<group>"; };
		24AA311C276505F800412C90 /* InsideFolderView.swift */ = {isa = PBXFileReference; lastKnownFileType = sourcecode.swift; path = InsideFolderView.swift; sourceTree = "<group>"; };
		24BA4C1D275ACE3000434E8A /* MyNotes.swift */ = {isa = PBXFileReference; lastKnownFileType = sourcecode.swift; path = MyNotes.swift; sourceTree = "<group>"; };
		24BA4C1F275C0F4A00434E8A /* FolderView.swift */ = {isa = PBXFileReference; lastKnownFileType = sourcecode.swift; path = FolderView.swift; sourceTree = "<group>"; };
		24BA4C21275C11AA00434E8A /* NoteView.swift */ = {isa = PBXFileReference; lastKnownFileType = sourcecode.swift; path = NoteView.swift; sourceTree = "<group>"; };
		24BA4C27275C8EA800434E8A /* ListViewModel.swift */ = {isa = PBXFileReference; lastKnownFileType = sourcecode.swift; path = ListViewModel.swift; sourceTree = "<group>"; };
		24BA4C29275C93E200434E8A /* AddNoteView.swift */ = {isa = PBXFileReference; lastKnownFileType = sourcecode.swift; path = AddNoteView.swift; sourceTree = "<group>"; };
		24D276672765A92B00E93312 /* HomeView2.swift */ = {isa = PBXFileReference; fileEncoding = 4; lastKnownFileType = sourcecode.swift; path = HomeView2.swift; sourceTree = "<group>"; };
/* End PBXFileReference section */

/* Begin PBXFrameworksBuildPhase section */
		24403A432753E9520000A013 /* Frameworks */ = {
			isa = PBXFrameworksBuildPhase;
			buildActionMask = 2147483647;
			files = (
			);
			runOnlyForDeploymentPostprocessing = 0;
		};
		24403A582753E9550000A013 /* Frameworks */ = {
			isa = PBXFrameworksBuildPhase;
			buildActionMask = 2147483647;
			files = (
			);
			runOnlyForDeploymentPostprocessing = 0;
		};
		24403A622753E9550000A013 /* Frameworks */ = {
			isa = PBXFrameworksBuildPhase;
			buildActionMask = 2147483647;
			files = (
			);
			runOnlyForDeploymentPostprocessing = 0;
		};
/* End PBXFrameworksBuildPhase section */

/* Begin PBXGroup section */
		24403A3D2753E9520000A013 = {
			isa = PBXGroup;
			children = (
				24403A482753E9520000A013 /* artBlock1 */,
				24403A5E2753E9550000A013 /* artBlock1Tests */,
				24403A682753E9550000A013 /* artBlock1UITests */,
				24403A472753E9520000A013 /* Products */,
			);
			sourceTree = "<group>";
		};
		24403A472753E9520000A013 /* Products */ = {
			isa = PBXGroup;
			children = (
				24403A462753E9520000A013 /* artBlock1.app */,
				24403A5B2753E9550000A013 /* artBlock1Tests.xctest */,
				24403A652753E9550000A013 /* artBlock1UITests.xctest */,
			);
			name = Products;
			sourceTree = "<group>";
		};
		24403A482753E9520000A013 /* artBlock1 */ = {
			isa = PBXGroup;
			children = (
				24403A492753E9520000A013 /* artBlock1App.swift */,
				24BA4C25275C8E6100434E8A /* ViewModels */,
				24515BD527574B47008A2639 /* Views */,
				24403A4D2753E9550000A013 /* Assets.xcassets */,
				24403A522753E9550000A013 /* Persistence.swift */,
				24403A542753E9550000A013 /* artBlock1.xcdatamodeld */,
				24403A4F2753E9550000A013 /* Preview Content */,
			);
			path = artBlock1;
			sourceTree = "<group>";
		};
		24403A4F2753E9550000A013 /* Preview Content */ = {
			isa = PBXGroup;
			children = (
				24403A502753E9550000A013 /* Preview Assets.xcassets */,
			);
			path = "Preview Content";
			sourceTree = "<group>";
		};
		24403A5E2753E9550000A013 /* artBlock1Tests */ = {
			isa = PBXGroup;
			children = (
				24403A5F2753E9550000A013 /* artBlock1Tests.swift */,
			);
			path = artBlock1Tests;
			sourceTree = "<group>";
		};
		24403A682753E9550000A013 /* artBlock1UITests */ = {
			isa = PBXGroup;
			children = (
				24403A692753E9550000A013 /* artBlock1UITests.swift */,
				24403A6B2753E9550000A013 /* artBlock1UITestsLaunchTests.swift */,
			);
			path = artBlock1UITests;
			sourceTree = "<group>";
		};
		24515BD527574B47008A2639 /* Views */ = {
			isa = PBXGroup;
			children = (
				24515BDA2759A43A008A2639 /* NavigationBarView.swift */,
				24515BDC2759A5A7008A2639 /* LogoView.swift */,
				24403A4B2753E9520000A013 /* ContentView.swift */,
				24515BD827586851008A2639 /* NavViewModifier.swift */,
				24515BD627574C6F008A2639 /* OpenView.swift */,
				24515BD327574B2B008A2639 /* GalleryView.swift */,
				24515BD127574ADD008A2639 /* ProgressView.swift */,
				24BA4C26275C8E7E00434E8A /* IdeasViewFolder */,
				24515BCD275749A7008A2639 /* HomeView.swift */,
				24D276672765A92B00E93312 /* HomeView2.swift */,
			);
			path = Views;
			sourceTree = "<group>";
		};
		24BA4C25275C8E6100434E8A /* ViewModels */ = {
			isa = PBXGroup;
			children = (
				24BA4C27275C8EA800434E8A /* ListViewModel.swift */,
			);
			path = ViewModels;
			sourceTree = "<group>";
		};
		24BA4C26275C8E7E00434E8A /* IdeasViewFolder */ = {
			isa = PBXGroup;
			children = (
				24BA4C1D275ACE3000434E8A /* MyNotes.swift */,
				24BA4C1F275C0F4A00434E8A /* FolderView.swift */,
				249F08E827626A2D00F57BF6 /* FolderContainer.xcdatamodeld */,
				24BA4C21275C11AA00434E8A /* NoteView.swift */,
				24515BCF27574A9C008A2639 /* IdeasView.swift */,
				24AA311C276505F800412C90 /* InsideFolderView.swift */,
				24BA4C29275C93E200434E8A /* AddNoteView.swift */,
			);
			path = IdeasViewFolder;
			sourceTree = "<group>";
		};
/* End PBXGroup section */

/* Begin PBXNativeTarget section */
		24403A452753E9520000A013 /* artBlock1 */ = {
			isa = PBXNativeTarget;
			buildConfigurationList = 24403A6F2753E9550000A013 /* Build configuration list for PBXNativeTarget "artBlock1" */;
			buildPhases = (
				24403A422753E9520000A013 /* Sources */,
				24403A432753E9520000A013 /* Frameworks */,
				24403A442753E9520000A013 /* Resources */,
			);
			buildRules = (
			);
			dependencies = (
			);
			name = artBlock1;
			productName = artBlock1;
			productReference = 24403A462753E9520000A013 /* artBlock1.app */;
			productType = "com.apple.product-type.application";
		};
		24403A5A2753E9550000A013 /* artBlock1Tests */ = {
			isa = PBXNativeTarget;
			buildConfigurationList = 24403A722753E9550000A013 /* Build configuration list for PBXNativeTarget "artBlock1Tests" */;
			buildPhases = (
				24403A572753E9550000A013 /* Sources */,
				24403A582753E9550000A013 /* Frameworks */,
				24403A592753E9550000A013 /* Resources */,
			);
			buildRules = (
			);
			dependencies = (
				24403A5D2753E9550000A013 /* PBXTargetDependency */,
			);
			name = artBlock1Tests;
			productName = artBlock1Tests;
			productReference = 24403A5B2753E9550000A013 /* artBlock1Tests.xctest */;
			productType = "com.apple.product-type.bundle.unit-test";
		};
		24403A642753E9550000A013 /* artBlock1UITests */ = {
			isa = PBXNativeTarget;
			buildConfigurationList = 24403A752753E9550000A013 /* Build configuration list for PBXNativeTarget "artBlock1UITests" */;
			buildPhases = (
				24403A612753E9550000A013 /* Sources */,
				24403A622753E9550000A013 /* Frameworks */,
				24403A632753E9550000A013 /* Resources */,
			);
			buildRules = (
			);
			dependencies = (
				24403A672753E9550000A013 /* PBXTargetDependency */,
			);
			name = artBlock1UITests;
			productName = artBlock1UITests;
			productReference = 24403A652753E9550000A013 /* artBlock1UITests.xctest */;
			productType = "com.apple.product-type.bundle.ui-testing";
		};
/* End PBXNativeTarget section */

/* Begin PBXProject section */
		24403A3E2753E9520000A013 /* Project object */ = {
			isa = PBXProject;
			attributes = {
				BuildIndependentTargetsInParallel = 1;
				LastSwiftUpdateCheck = 1310;
				LastUpgradeCheck = 1310;
				TargetAttributes = {
					24403A452753E9520000A013 = {
						CreatedOnToolsVersion = 13.1;
					};
					24403A5A2753E9550000A013 = {
						CreatedOnToolsVersion = 13.1;
						TestTargetID = 24403A452753E9520000A013;
					};
					24403A642753E9550000A013 = {
						CreatedOnToolsVersion = 13.1;
						TestTargetID = 24403A452753E9520000A013;
					};
				};
			};
			buildConfigurationList = 24403A412753E9520000A013 /* Build configuration list for PBXProject "artBlock1" */;
			compatibilityVersion = "Xcode 13.0";
			developmentRegion = en;
			hasScannedForEncodings = 0;
			knownRegions = (
				en,
				Base,
			);
			mainGroup = 24403A3D2753E9520000A013;
			productRefGroup = 24403A472753E9520000A013 /* Products */;
			projectDirPath = "";
			projectRoot = "";
			targets = (
				24403A452753E9520000A013 /* artBlock1 */,
				24403A5A2753E9550000A013 /* artBlock1Tests */,
				24403A642753E9550000A013 /* artBlock1UITests */,
			);
		};
/* End PBXProject section */

/* Begin PBXResourcesBuildPhase section */
		24403A442753E9520000A013 /* Resources */ = {
			isa = PBXResourcesBuildPhase;
			buildActionMask = 2147483647;
			files = (
				24403A512753E9550000A013 /* Preview Assets.xcassets in Resources */,
				24403A4E2753E9550000A013 /* Assets.xcassets in Resources */,
			);
			runOnlyForDeploymentPostprocessing = 0;
		};
		24403A592753E9550000A013 /* Resources */ = {
			isa = PBXResourcesBuildPhase;
			buildActionMask = 2147483647;
			files = (
			);
			runOnlyForDeploymentPostprocessing = 0;
		};
		24403A632753E9550000A013 /* Resources */ = {
			isa = PBXResourcesBuildPhase;
			buildActionMask = 2147483647;
			files = (
			);
			runOnlyForDeploymentPostprocessing = 0;
		};
/* End PBXResourcesBuildPhase section */

/* Begin PBXSourcesBuildPhase section */
		24403A422753E9520000A013 /* Sources */ = {
			isa = PBXSourcesBuildPhase;
			buildActionMask = 2147483647;
			files = (
				24AA311D276505F800412C90 /* InsideFolderView.swift in Sources */,
				24403A532753E9550000A013 /* Persistence.swift in Sources */,
				24515BDD2759A5A7008A2639 /* LogoView.swift in Sources */,
				24515BD727574C6F008A2639 /* OpenView.swift in Sources */,
				24D276682765A92B00E93312 /* HomeView2.swift in Sources */,
				24515BDB2759A43A008A2639 /* NavigationBarView.swift in Sources */,
				24BA4C2A275C93E200434E8A /* AddNoteView.swift in Sources */,
				24403A562753E9550000A013 /* artBlock1.xcdatamodeld in Sources */,
				24403A4C2753E9520000A013 /* ContentView.swift in Sources */,
				249F08EA27626A2D00F57BF6 /* FolderContainer.xcdatamodeld in Sources */,
				24BA4C28275C8EA800434E8A /* ListViewModel.swift in Sources */,
				24BA4C1E275ACE3000434E8A /* MyNotes.swift in Sources */,
				24515BCE275749A7008A2639 /* HomeView.swift in Sources */,
				24BA4C20275C0F4A00434E8A /* FolderView.swift in Sources */,
				24403A4A2753E9520000A013 /* artBlock1App.swift in Sources */,
				24515BD027574A9C008A2639 /* IdeasView.swift in Sources */,
				24BA4C22275C11AA00434E8A /* NoteView.swift in Sources */,
				24515BD927586851008A2639 /* NavViewModifier.swift in Sources */,
				24515BD227574ADD008A2639 /* ProgressView.swift in Sources */,
				24515BD427574B2B008A2639 /* GalleryView.swift in Sources */,
			);
			runOnlyForDeploymentPostprocessing = 0;
		};
		24403A572753E9550000A013 /* Sources */ = {
			isa = PBXSourcesBuildPhase;
			buildActionMask = 2147483647;
			files = (
				24403A602753E9550000A013 /* artBlock1Tests.swift in Sources */,
			);
			runOnlyForDeploymentPostprocessing = 0;
		};
		24403A612753E9550000A013 /* Sources */ = {
			isa = PBXSourcesBuildPhase;
			buildActionMask = 2147483647;
			files = (
				24403A6C2753E9550000A013 /* artBlock1UITestsLaunchTests.swift in Sources */,
				24403A6A2753E9550000A013 /* artBlock1UITests.swift in Sources */,
			);
			runOnlyForDeploymentPostprocessing = 0;
		};
/* End PBXSourcesBuildPhase section */

/* Begin PBXTargetDependency section */
		24403A5D2753E9550000A013 /* PBXTargetDependency */ = {
			isa = PBXTargetDependency;
			target = 24403A452753E9520000A013 /* artBlock1 */;
			targetProxy = 24403A5C2753E9550000A013 /* PBXContainerItemProxy */;
		};
		24403A672753E9550000A013 /* PBXTargetDependency */ = {
			isa = PBXTargetDependency;
			target = 24403A452753E9520000A013 /* artBlock1 */;
			targetProxy = 24403A662753E9550000A013 /* PBXContainerItemProxy */;
		};
/* End PBXTargetDependency section */

/* Begin XCBuildConfiguration section */
		24403A6D2753E9550000A013 /* Debug */ = {
			isa = XCBuildConfiguration;
			buildSettings = {
				ALWAYS_SEARCH_USER_PATHS = NO;
				CLANG_ANALYZER_NONNULL = YES;
				CLANG_ANALYZER_NUMBER_OBJECT_CONVERSION = YES_AGGRESSIVE;
				CLANG_CXX_LANGUAGE_STANDARD = "gnu++17";
				CLANG_CXX_LIBRARY = "libc++";
				CLANG_ENABLE_MODULES = YES;
				CLANG_ENABLE_OBJC_ARC = YES;
				CLANG_ENABLE_OBJC_WEAK = YES;
				CLANG_WARN_BLOCK_CAPTURE_AUTORELEASING = YES;
				CLANG_WARN_BOOL_CONVERSION = YES;
				CLANG_WARN_COMMA = YES;
				CLANG_WARN_CONSTANT_CONVERSION = YES;
				CLANG_WARN_DEPRECATED_OBJC_IMPLEMENTATIONS = YES;
				CLANG_WARN_DIRECT_OBJC_ISA_USAGE = YES_ERROR;
				CLANG_WARN_DOCUMENTATION_COMMENTS = YES;
				CLANG_WARN_EMPTY_BODY = YES;
				CLANG_WARN_ENUM_CONVERSION = YES;
				CLANG_WARN_INFINITE_RECURSION = YES;
				CLANG_WARN_INT_CONVERSION = YES;
				CLANG_WARN_NON_LITERAL_NULL_CONVERSION = YES;
				CLANG_WARN_OBJC_IMPLICIT_RETAIN_SELF = YES;
				CLANG_WARN_OBJC_LITERAL_CONVERSION = YES;
				CLANG_WARN_OBJC_ROOT_CLASS = YES_ERROR;
				CLANG_WARN_QUOTED_INCLUDE_IN_FRAMEWORK_HEADER = YES;
				CLANG_WARN_RANGE_LOOP_ANALYSIS = YES;
				CLANG_WARN_STRICT_PROTOTYPES = YES;
				CLANG_WARN_SUSPICIOUS_MOVE = YES;
				CLANG_WARN_UNGUARDED_AVAILABILITY = YES_AGGRESSIVE;
				CLANG_WARN_UNREACHABLE_CODE = YES;
				CLANG_WARN__DUPLICATE_METHOD_MATCH = YES;
				COPY_PHASE_STRIP = NO;
				DEBUG_INFORMATION_FORMAT = dwarf;
				ENABLE_STRICT_OBJC_MSGSEND = YES;
				ENABLE_TESTABILITY = YES;
				GCC_C_LANGUAGE_STANDARD = gnu11;
				GCC_DYNAMIC_NO_PIC = NO;
				GCC_NO_COMMON_BLOCKS = YES;
				GCC_OPTIMIZATION_LEVEL = 0;
				GCC_PREPROCESSOR_DEFINITIONS = (
					"DEBUG=1",
					"$(inherited)",
				);
				GCC_WARN_64_TO_32_BIT_CONVERSION = YES;
				GCC_WARN_ABOUT_RETURN_TYPE = YES_ERROR;
				GCC_WARN_UNDECLARED_SELECTOR = YES;
				GCC_WARN_UNINITIALIZED_AUTOS = YES_AGGRESSIVE;
				GCC_WARN_UNUSED_FUNCTION = YES;
				GCC_WARN_UNUSED_VARIABLE = YES;
				IPHONEOS_DEPLOYMENT_TARGET = 15.0;
				MTL_ENABLE_DEBUG_INFO = INCLUDE_SOURCE;
				MTL_FAST_MATH = YES;
				ONLY_ACTIVE_ARCH = YES;
				SDKROOT = iphoneos;
				SWIFT_ACTIVE_COMPILATION_CONDITIONS = DEBUG;
				SWIFT_OPTIMIZATION_LEVEL = "-Onone";
			};
			name = Debug;
		};
		24403A6E2753E9550000A013 /* Release */ = {
			isa = XCBuildConfiguration;
			buildSettings = {
				ALWAYS_SEARCH_USER_PATHS = NO;
				CLANG_ANALYZER_NONNULL = YES;
				CLANG_ANALYZER_NUMBER_OBJECT_CONVERSION = YES_AGGRESSIVE;
				CLANG_CXX_LANGUAGE_STANDARD = "gnu++17";
				CLANG_CXX_LIBRARY = "libc++";
				CLANG_ENABLE_MODULES = YES;
				CLANG_ENABLE_OBJC_ARC = YES;
				CLANG_ENABLE_OBJC_WEAK = YES;
				CLANG_WARN_BLOCK_CAPTURE_AUTORELEASING = YES;
				CLANG_WARN_BOOL_CONVERSION = YES;
				CLANG_WARN_COMMA = YES;
				CLANG_WARN_CONSTANT_CONVERSION = YES;
				CLANG_WARN_DEPRECATED_OBJC_IMPLEMENTATIONS = YES;
				CLANG_WARN_DIRECT_OBJC_ISA_USAGE = YES_ERROR;
				CLANG_WARN_DOCUMENTATION_COMMENTS = YES;
				CLANG_WARN_EMPTY_BODY = YES;
				CLANG_WARN_ENUM_CONVERSION = YES;
				CLANG_WARN_INFINITE_RECURSION = YES;
				CLANG_WARN_INT_CONVERSION = YES;
				CLANG_WARN_NON_LITERAL_NULL_CONVERSION = YES;
				CLANG_WARN_OBJC_IMPLICIT_RETAIN_SELF = YES;
				CLANG_WARN_OBJC_LITERAL_CONVERSION = YES;
				CLANG_WARN_OBJC_ROOT_CLASS = YES_ERROR;
				CLANG_WARN_QUOTED_INCLUDE_IN_FRAMEWORK_HEADER = YES;
				CLANG_WARN_RANGE_LOOP_ANALYSIS = YES;
				CLANG_WARN_STRICT_PROTOTYPES = YES;
				CLANG_WARN_SUSPICIOUS_MOVE = YES;
				CLANG_WARN_UNGUARDED_AVAILABILITY = YES_AGGRESSIVE;
				CLANG_WARN_UNREACHABLE_CODE = YES;
				CLANG_WARN__DUPLICATE_METHOD_MATCH = YES;
				COPY_PHASE_STRIP = NO;
				DEBUG_INFORMATION_FORMAT = "dwarf-with-dsym";
				ENABLE_NS_ASSERTIONS = NO;
				ENABLE_STRICT_OBJC_MSGSEND = YES;
				GCC_C_LANGUAGE_STANDARD = gnu11;
				GCC_NO_COMMON_BLOCKS = YES;
				GCC_WARN_64_TO_32_BIT_CONVERSION = YES;
				GCC_WARN_ABOUT_RETURN_TYPE = YES_ERROR;
				GCC_WARN_UNDECLARED_SELECTOR = YES;
				GCC_WARN_UNINITIALIZED_AUTOS = YES_AGGRESSIVE;
				GCC_WARN_UNUSED_FUNCTION = YES;
				GCC_WARN_UNUSED_VARIABLE = YES;
				IPHONEOS_DEPLOYMENT_TARGET = 15.0;
				MTL_ENABLE_DEBUG_INFO = NO;
				MTL_FAST_MATH = YES;
				SDKROOT = iphoneos;
				SWIFT_COMPILATION_MODE = wholemodule;
				SWIFT_OPTIMIZATION_LEVEL = "-O";
				VALIDATE_PRODUCT = YES;
			};
			name = Release;
		};
		24403A702753E9550000A013 /* Debug */ = {
			isa = XCBuildConfiguration;
			buildSettings = {
				ASSETCATALOG_COMPILER_APPICON_NAME = AppIcon;
				ASSETCATALOG_COMPILER_GLOBAL_ACCENT_COLOR_NAME = AccentColor;
				CODE_SIGN_STYLE = Automatic;
				CURRENT_PROJECT_VERSION = 1;
				DEVELOPMENT_ASSET_PATHS = "\"artBlock1/Preview Content\"";
				DEVELOPMENT_TEAM = NLZHG3LMRY;
				ENABLE_PREVIEWS = YES;
				GENERATE_INFOPLIST_FILE = YES;
				INFOPLIST_KEY_UIApplicationSceneManifest_Generation = YES;
				INFOPLIST_KEY_UIApplicationSupportsIndirectInputEvents = YES;
				INFOPLIST_KEY_UILaunchScreen_Generation = YES;
				INFOPLIST_KEY_UISupportedInterfaceOrientations_iPad = "UIInterfaceOrientationPortrait UIInterfaceOrientationPortraitUpsideDown UIInterfaceOrientationLandscapeLeft UIInterfaceOrientationLandscapeRight";
				INFOPLIST_KEY_UISupportedInterfaceOrientations_iPhone = "UIInterfaceOrientationPortrait UIInterfaceOrientationLandscapeLeft UIInterfaceOrientationLandscapeRight";
				LD_RUNPATH_SEARCH_PATHS = (
					"$(inherited)",
					"@executable_path/Frameworks",
				);
				MARKETING_VERSION = 1.0;
				PRODUCT_BUNDLE_IDENTIFIER = "Helen-Hall.artBlock1";
				PRODUCT_NAME = "$(TARGET_NAME)";
				SWIFT_EMIT_LOC_STRINGS = YES;
				SWIFT_VERSION = 5.0;
				TARGETED_DEVICE_FAMILY = "1,2";
			};
			name = Debug;
		};
		24403A712753E9550000A013 /* Release */ = {
			isa = XCBuildConfiguration;
			buildSettings = {
				ASSETCATALOG_COMPILER_APPICON_NAME = AppIcon;
				ASSETCATALOG_COMPILER_GLOBAL_ACCENT_COLOR_NAME = AccentColor;
				CODE_SIGN_STYLE = Automatic;
				CURRENT_PROJECT_VERSION = 1;
				DEVELOPMENT_ASSET_PATHS = "\"artBlock1/Preview Content\"";
				DEVELOPMENT_TEAM = NLZHG3LMRY;
				ENABLE_PREVIEWS = YES;
				GENERATE_INFOPLIST_FILE = YES;
				INFOPLIST_KEY_UIApplicationSceneManifest_Generation = YES;
				INFOPLIST_KEY_UIApplicationSupportsIndirectInputEvents = YES;
				INFOPLIST_KEY_UILaunchScreen_Generation = YES;
				INFOPLIST_KEY_UISupportedInterfaceOrientations_iPad = "UIInterfaceOrientationPortrait UIInterfaceOrientationPortraitUpsideDown UIInterfaceOrientationLandscapeLeft UIInterfaceOrientationLandscapeRight";
				INFOPLIST_KEY_UISupportedInterfaceOrientations_iPhone = "UIInterfaceOrientationPortrait UIInterfaceOrientationLandscapeLeft UIInterfaceOrientationLandscapeRight";
				LD_RUNPATH_SEARCH_PATHS = (
					"$(inherited)",
					"@executable_path/Frameworks",
				);
				MARKETING_VERSION = 1.0;
				PRODUCT_BUNDLE_IDENTIFIER = "Helen-Hall.artBlock1";
				PRODUCT_NAME = "$(TARGET_NAME)";
				SWIFT_EMIT_LOC_STRINGS = YES;
				SWIFT_VERSION = 5.0;
				TARGETED_DEVICE_FAMILY = "1,2";
			};
			name = Release;
		};
		24403A732753E9550000A013 /* Debug */ = {
			isa = XCBuildConfiguration;
			buildSettings = {
				ALWAYS_EMBED_SWIFT_STANDARD_LIBRARIES = YES;
				BUNDLE_LOADER = "$(TEST_HOST)";
				CODE_SIGN_STYLE = Automatic;
				CURRENT_PROJECT_VERSION = 1;
				DEVELOPMENT_TEAM = NLZHG3LMRY;
				GENERATE_INFOPLIST_FILE = YES;
				IPHONEOS_DEPLOYMENT_TARGET = 15.0;
				LD_RUNPATH_SEARCH_PATHS = (
					"$(inherited)",
					"@executable_path/Frameworks",
					"@loader_path/Frameworks",
				);
				MARKETING_VERSION = 1.0;
				PRODUCT_BUNDLE_IDENTIFIER = "Helen-Hall.artBlock1Tests";
				PRODUCT_NAME = "$(TARGET_NAME)";
				SWIFT_EMIT_LOC_STRINGS = NO;
				SWIFT_VERSION = 5.0;
				TARGETED_DEVICE_FAMILY = "1,2";
				TEST_HOST = "$(BUILT_PRODUCTS_DIR)/artBlock1.app/artBlock1";
			};
			name = Debug;
		};
		24403A742753E9550000A013 /* Release */ = {
			isa = XCBuildConfiguration;
			buildSettings = {
				ALWAYS_EMBED_SWIFT_STANDARD_LIBRARIES = YES;
				BUNDLE_LOADER = "$(TEST_HOST)";
				CODE_SIGN_STYLE = Automatic;
				CURRENT_PROJECT_VERSION = 1;
				DEVELOPMENT_TEAM = NLZHG3LMRY;
				GENERATE_INFOPLIST_FILE = YES;
				IPHONEOS_DEPLOYMENT_TARGET = 15.0;
				LD_RUNPATH_SEARCH_PATHS = (
					"$(inherited)",
					"@executable_path/Frameworks",
					"@loader_path/Frameworks",
				);
				MARKETING_VERSION = 1.0;
				PRODUCT_BUNDLE_IDENTIFIER = "Helen-Hall.artBlock1Tests";
				PRODUCT_NAME = "$(TARGET_NAME)";
				SWIFT_EMIT_LOC_STRINGS = NO;
				SWIFT_VERSION = 5.0;
				TARGETED_DEVICE_FAMILY = "1,2";
				TEST_HOST = "$(BUILT_PRODUCTS_DIR)/artBlock1.app/artBlock1";
			};
			name = Release;
		};
		24403A762753E9550000A013 /* Debug */ = {
			isa = XCBuildConfiguration;
			buildSettings = {
				ALWAYS_EMBED_SWIFT_STANDARD_LIBRARIES = YES;
				CODE_SIGN_STYLE = Automatic;
				CURRENT_PROJECT_VERSION = 1;
				DEVELOPMENT_TEAM = NLZHG3LMRY;
				GENERATE_INFOPLIST_FILE = YES;
				LD_RUNPATH_SEARCH_PATHS = (
					"$(inherited)",
					"@executable_path/Frameworks",
					"@loader_path/Frameworks",
				);
				MARKETING_VERSION = 1.0;
				PRODUCT_BUNDLE_IDENTIFIER = "Helen-Hall.artBlock1UITests";
				PRODUCT_NAME = "$(TARGET_NAME)";
				SWIFT_EMIT_LOC_STRINGS = NO;
				SWIFT_VERSION = 5.0;
				TARGETED_DEVICE_FAMILY = "1,2";
				TEST_TARGET_NAME = artBlock1;
			};
			name = Debug;
		};
		24403A772753E9550000A013 /* Release */ = {
			isa = XCBuildConfiguration;
			buildSettings = {
				ALWAYS_EMBED_SWIFT_STANDARD_LIBRARIES = YES;
				CODE_SIGN_STYLE = Automatic;
				CURRENT_PROJECT_VERSION = 1;
				DEVELOPMENT_TEAM = NLZHG3LMRY;
				GENERATE_INFOPLIST_FILE = YES;
				LD_RUNPATH_SEARCH_PATHS = (
					"$(inherited)",
					"@executable_path/Frameworks",
					"@loader_path/Frameworks",
				);
				MARKETING_VERSION = 1.0;
				PRODUCT_BUNDLE_IDENTIFIER = "Helen-Hall.artBlock1UITests";
				PRODUCT_NAME = "$(TARGET_NAME)";
				SWIFT_EMIT_LOC_STRINGS = NO;
				SWIFT_VERSION = 5.0;
				TARGETED_DEVICE_FAMILY = "1,2";
				TEST_TARGET_NAME = artBlock1;
			};
			name = Release;
		};
/* End XCBuildConfiguration section */

/* Begin XCConfigurationList section */
		24403A412753E9520000A013 /* Build configuration list for PBXProject "artBlock1" */ = {
			isa = XCConfigurationList;
			buildConfigurations = (
				24403A6D2753E9550000A013 /* Debug */,
				24403A6E2753E9550000A013 /* Release */,
			);
			defaultConfigurationIsVisible = 0;
			defaultConfigurationName = Release;
		};
		24403A6F2753E9550000A013 /* Build configuration list for PBXNativeTarget "artBlock1" */ = {
			isa = XCConfigurationList;
			buildConfigurations = (
				24403A702753E9550000A013 /* Debug */,
				24403A712753E9550000A013 /* Release */,
			);
			defaultConfigurationIsVisible = 0;
			defaultConfigurationName = Release;
		};
		24403A722753E9550000A013 /* Build configuration list for PBXNativeTarget "artBlock1Tests" */ = {
			isa = XCConfigurationList;
			buildConfigurations = (
				24403A732753E9550000A013 /* Debug */,
				24403A742753E9550000A013 /* Release */,
			);
			defaultConfigurationIsVisible = 0;
			defaultConfigurationName = Release;
		};
		24403A752753E9550000A013 /* Build configuration list for PBXNativeTarget "artBlock1UITests" */ = {
			isa = XCConfigurationList;
			buildConfigurations = (
				24403A762753E9550000A013 /* Debug */,
				24403A772753E9550000A013 /* Release */,
			);
			defaultConfigurationIsVisible = 0;
			defaultConfigurationName = Release;
		};
/* End XCConfigurationList section */

/* Begin XCVersionGroup section */
		24403A542753E9550000A013 /* artBlock1.xcdatamodeld */ = {
			isa = XCVersionGroup;
			children = (
				24403A552753E9550000A013 /* artBlock1.xcdatamodel */,
			);
			currentVersion = 24403A552753E9550000A013 /* artBlock1.xcdatamodel */;
			path = artBlock1.xcdatamodeld;
			sourceTree = "<group>";
			versionGroupType = wrapper.xcdatamodel;
		};
		249F08E827626A2D00F57BF6 /* FolderContainer.xcdatamodeld */ = {
			isa = XCVersionGroup;
			children = (
				249F08E927626A2D00F57BF6 /* FolderContainer.xcdatamodel */,
			);
			currentVersion = 249F08E927626A2D00F57BF6 /* FolderContainer.xcdatamodel */;
			path = FolderContainer.xcdatamodeld;
			sourceTree = "<group>";
			versionGroupType = wrapper.xcdatamodel;
		};
/* End XCVersionGroup section */
	};
	rootObject = 24403A3E2753E9520000A013 /* Project object */;
}
